{
    "_meta": {
        "hash": {
            "sha256": "9ac3d7bc6deb3356c600d4e0f1d60612d6ddfe3fc494c02d6b1a78c009167681"
        },
        "pipfile-spec": 6,
        "requires": {
            "python_version": "3.7"
        },
        "sources": [
            {
                "name": "pypi",
                "url": "https://pypi.org/simple",
                "verify_ssl": true
            }
        ]
    },
    "default": {
        "click": {
            "hashes": [
                "sha256:2335065e6395b9e67ca716de5f7526736bfa6ceead690adf616d925bdc622b13",
                "sha256:5b94b49521f6456670fdb30cd82a4eca9412788a93fa6dd6df72c94d5a8ff2d7"
            ],
            "index": "pypi",
            "version": "==7.0"
        },
        "nanoleaf": {
            "git": "https://github.com/bharat/nanoleaf.git",
            "ref": "3a2b4d5d61ead6580d5aa031410c9bb08f36ebea"
        }
    },
    "develop": {}
}
